{
  "version": "5",
  "specifiers": {
    "jsr:@christiansmith/mapper-js@0.3": "0.3.0",
    "jsr:@std/assert@1": "1.0.11",
    "jsr:@std/internal@^1.0.5": "1.0.13",
    "npm:@christiansmith/mapper-js@0.3": "0.3.0",
    "npm:jose@5": "5.10.0"
  },
  "jsr": {
    "@christiansmith/mapper-js@0.3.0": {
      "integrity": "78b543c46944ba96c1d32c6e8ce6f9af8d74fc350e7d57a92f2316416ff0b58c"
    },
    "@std/assert@1.0.11": {
      "integrity": "2461ef3c368fe88bc60e186e7744a93112f16fd110022e113a0849e94d1c83c1",
      "dependencies": [
        "jsr:@std/internal"
      ]
    },
    "@std/internal@1.0.13": {
      "integrity": "2f9546691d4ac2d32859c82dff284aaeac980ddeca38430d07941e7e288725c0"
    }
  },
  "npm": {
    "@christiansmith/mapper-js@0.3.0": {
      "integrity": "sha512-l9MFfgxbRLXIdpjYOem2yEhnBc6Z5nQqdZDDiw75c0ntRaWq+FTu97SAfNJoPIDqxOrIj+T647dFNboZl1cWMA=="
    },
    "jose@5.10.0": {
      "integrity": "sha512-s+3Al/p9g32Iq+oqXxkW//7jk2Vig6FF1CFqzVXoTUXt2qz89YWbL+OwS17NFYEvxC35n0FKeGO2LGYSxeM2Gg=="
    }
  },
  "workspace": {
    "dependencies": [
      "jsr:@christiansmith/mapper-js@0.3",
      "jsr:@std/assert@1",
      "npm:jose@5"
    ],
    "packageJson": {
      "dependencies": [
        "npm:@christiansmith/mapper-js@0.3",
        "npm:jose@5"
      ]
    }
  }
}
